
Microsoft Visual Studio Solution File, Format Version 12.00
# Visual Studio Version 16
VisualStudioVersion = 16.0.30804.86
MinimumVisualStudioVersion = 10.0.40219.1
Project("{FAE04EC0-301F-11D3-BF4B-00C04F79EFBC}") = "HarryPotterBook", "HarryPotter\HarryPotterBook.csproj", "{FF4D4F0F-788C-4A26-9133-0A5BCCB03BE4}"
EndProject
Project("{FAE04EC0-301F-11D3-BF4B-00C04F79EFBC}") = "HarryPotterTest", "HarryPotterTest\HarryPotterTest.csproj", "{C76D40E2-CDD1-458A-B9EB-5AE5C79EE008}"
EndProject
Global
	GlobalSection(SolutionConfigurationPlatforms) = preSolution
		Debug|Any CPU = Debug|Any CPU
		Release|Any CPU = Release|Any CPU
	EndGlobalSection
	GlobalSection(ProjectConfigurationPlatforms) = postSolution
		{FF4D4F0F-788C-4A26-9133-0A5BCCB03BE4}.Debug|Any CPU.ActiveCfg = Debug|Any CPU
		{FF4D4F0F-788C-4A26-9133-0A5BCCB03BE4}.Debug|Any CPU.Build.0 = Debug|Any CPU
		{FF4D4F0F-788C-4A26-9133-0A5BCCB03BE4}.Release|Any CPU.ActiveCfg = Release|Any CPU
		{FF4D4F0F-788C-4A26-9133-0A5BCCB03BE4}.Release|Any CPU.Build.0 = Release|Any CPU
		{C76D40E2-CDD1-458A-B9EB-5AE5C79EE008}.Debug|Any CPU.ActiveCfg = Debug|Any CPU
		{C76D40E2-CDD1-458A-B9EB-5AE5C79EE008}.Debug|Any CPU.Build.0 = Debug|Any CPU
		{C76D40E2-CDD1-458A-B9EB-5AE5C79EE008}.Release|Any CPU.ActiveCfg = Release|Any CPU
		{C76D40E2-CDD1-458A-B9EB-5AE5C79EE008}.Release|Any CPU.Build.0 = Release|Any CPU
	EndGlobalSection
	GlobalSection(SolutionProperties) = preSolution
		HideSolutionNode = FALSE
	EndGlobalSection
	GlobalSection(ExtensibilityGlobals) = postSolution
		SolutionGuid = {2975D195-7E92-472B-B851-9D226A2EEA50}
	EndGlobalSection
EndGlobal
